
Microsoft Visual Studio Solution File, Format Version 12.00
# Visual Studio Version 16
VisualStudioVersion = 16.0.32106.194
MinimumVisualStudioVersion = 10.0.40219.1
Project("{FAE04EC0-301F-11D3-BF4B-00C04F79EFBC}") = "Stacks", "Stacks\Stacks.csproj", "{4DED4AC4-DF34-4AF9-8C04-E22C10C4DB92}"
EndProject
Global
	GlobalSection(SolutionConfigurationPlatforms) = preSolution
		Debug|Any CPU = Debug|Any CPU
		Release|Any CPU = Release|Any CPU
	EndGlobalSection
	GlobalSection(ProjectConfigurationPlatforms) = postSolution
		{4DED4AC4-DF34-4AF9-8C04-E22C10C4DB92}.Debug|Any CPU.ActiveCfg = Debug|Any CPU
		{4DED4AC4-DF34-4AF9-8C04-E22C10C4DB92}.Debug|Any CPU.Build.0 = Debug|Any CPU
		{4DED4AC4-DF34-4AF9-8C04-E22C10C4DB92}.Release|Any CPU.ActiveCfg = Release|Any CPU
		{4DED4AC4-DF34-4AF9-8C04-E22C10C4DB92}.Release|Any CPU.Build.0 = Release|Any CPU
	EndGlobalSection
	GlobalSection(SolutionProperties) = preSolution
		HideSolutionNode = FALSE
	EndGlobalSection
	GlobalSection(ExtensibilityGlobals) = postSolution
		SolutionGuid = {E030CE49-BDE0-4055-9C69-617C0A5DEF30}
	EndGlobalSection
EndGlobal
